
Microsoft Visual Studio Solution File, Format Version 12.00
# Visual Studio Version 17
VisualStudioVersion = 17.10.34928.147
MinimumVisualStudioVersion = 10.0.40219.1
Project("{FAE04EC0-301F-11D3-BF4B-00C04F79EFBC}") = "SEGA GENESIS Development Suite", "SEGA GENESIS Development Suite\SEGA GENESIS Development Suite.csproj", "{F838161E-838F-4A85-9B42-4D130EAB3950}"
EndProject
Global
	GlobalSection(SolutionConfigurationPlatforms) = preSolution
		Debug|Any CPU = Debug|Any CPU
		Release|Any CPU = Release|Any CPU
	EndGlobalSection
	GlobalSection(ProjectConfigurationPlatforms) = postSolution
		{F838161E-838F-4A85-9B42-4D130EAB3950}.Debug|Any CPU.ActiveCfg = Debug|Any CPU
		{F838161E-838F-4A85-9B42-4D130EAB3950}.Debug|Any CPU.Build.0 = Debug|Any CPU
		{F838161E-838F-4A85-9B42-4D130EAB3950}.Release|Any CPU.ActiveCfg = Release|Any CPU
		{F838161E-838F-4A85-9B42-4D130EAB3950}.Release|Any CPU.Build.0 = Release|Any CPU
	EndGlobalSection
	GlobalSection(SolutionProperties) = preSolution
		HideSolutionNode = FALSE
	EndGlobalSection
	GlobalSection(ExtensibilityGlobals) = postSolution
		SolutionGuid = {00927C09-DB2D-477C-8688-4BE1CFB3D554}
	EndGlobalSection
EndGlobal
